
Microsoft Visual Studio Solution File, Format Version 12.00
# Visual Studio 15
Project("{FAE04EC0-301F-11D3-BF4B-00C04F79EFBC}") = "UniRx", "UniRx.csproj", "{26F430CE-F5EB-07A6-058C-8B1228A91EFE}"
EndProject
Project("{FAE04EC0-301F-11D3-BF4B-00C04F79EFBC}") = "Assembly-CSharp", "Assembly-CSharp.csproj", "{9CA7E66B-84E0-50CA-4B66-DD5322C8BF7B}"
EndProject
Project("{FAE04EC0-301F-11D3-BF4B-00C04F79EFBC}") = "UniRx.Examples", "UniRx.Examples.csproj", "{50CE76F6-BC61-EB16-FCA7-2D665B29EA69}"
EndProject
Project("{FAE04EC0-301F-11D3-BF4B-00C04F79EFBC}") = "UniRx", "UniRx.Player.csproj", "{EF1467E9-6C57-3206-0546-E53949D50ECA}"
EndProject
Project("{FAE04EC0-301F-11D3-BF4B-00C04F79EFBC}") = "Assembly-CSharp", "Assembly-CSharp.Player.csproj", "{8E7D981E-E88E-E7EA-4731-E189FE9573F3}"
EndProject
Project("{FAE04EC0-301F-11D3-BF4B-00C04F79EFBC}") = "UniRx.Examples", "UniRx.Examples.Player.csproj", "{F8D24864-06AC-2E10-466F-B9CFB15997CD}"
EndProject
Global
	GlobalSection(SolutionConfigurationPlatforms) = preSolution
		Debug|Any CPU = Debug|Any CPU
		Release|Any CPU = Release|Any CPU
	EndGlobalSection
	GlobalSection(ProjectConfigurationPlatforms) = postSolution
		{26F430CE-F5EB-07A6-058C-8B1228A91EFE}.Debug|Any CPU.ActiveCfg = Debug|Any CPU
		{26F430CE-F5EB-07A6-058C-8B1228A91EFE}.Debug|Any CPU.Build.0 = Debug|Any CPU
		{26F430CE-F5EB-07A6-058C-8B1228A91EFE}.Release|Any CPU.ActiveCfg = Release|Any CPU
		{26F430CE-F5EB-07A6-058C-8B1228A91EFE}.Release|Any CPU.Build.0 = Release|Any CPU
		{9CA7E66B-84E0-50CA-4B66-DD5322C8BF7B}.Debug|Any CPU.ActiveCfg = Debug|Any CPU
		{9CA7E66B-84E0-50CA-4B66-DD5322C8BF7B}.Debug|Any CPU.Build.0 = Debug|Any CPU
		{9CA7E66B-84E0-50CA-4B66-DD5322C8BF7B}.Release|Any CPU.ActiveCfg = Release|Any CPU
		{9CA7E66B-84E0-50CA-4B66-DD5322C8BF7B}.Release|Any CPU.Build.0 = Release|Any CPU
		{50CE76F6-BC61-EB16-FCA7-2D665B29EA69}.Debug|Any CPU.ActiveCfg = Debug|Any CPU
		{50CE76F6-BC61-EB16-FCA7-2D665B29EA69}.Debug|Any CPU.Build.0 = Debug|Any CPU
		{50CE76F6-BC61-EB16-FCA7-2D665B29EA69}.Release|Any CPU.ActiveCfg = Release|Any CPU
		{50CE76F6-BC61-EB16-FCA7-2D665B29EA69}.Release|Any CPU.Build.0 = Release|Any CPU
		{EF1467E9-6C57-3206-0546-E53949D50ECA}.Debug|Any CPU.ActiveCfg = Debug|Any CPU
		{EF1467E9-6C57-3206-0546-E53949D50ECA}.Debug|Any CPU.Build.0 = Debug|Any CPU
		{EF1467E9-6C57-3206-0546-E53949D50ECA}.Release|Any CPU.ActiveCfg = Release|Any CPU
		{EF1467E9-6C57-3206-0546-E53949D50ECA}.Release|Any CPU.Build.0 = Release|Any CPU
		{8E7D981E-E88E-E7EA-4731-E189FE9573F3}.Debug|Any CPU.ActiveCfg = Debug|Any CPU
		{8E7D981E-E88E-E7EA-4731-E189FE9573F3}.Debug|Any CPU.Build.0 = Debug|Any CPU
		{8E7D981E-E88E-E7EA-4731-E189FE9573F3}.Release|Any CPU.ActiveCfg = Release|Any CPU
		{8E7D981E-E88E-E7EA-4731-E189FE9573F3}.Release|Any CPU.Build.0 = Release|Any CPU
		{F8D24864-06AC-2E10-466F-B9CFB15997CD}.Debug|Any CPU.ActiveCfg = Debug|Any CPU
		{F8D24864-06AC-2E10-466F-B9CFB15997CD}.Debug|Any CPU.Build.0 = Debug|Any CPU
		{F8D24864-06AC-2E10-466F-B9CFB15997CD}.Release|Any CPU.ActiveCfg = Release|Any CPU
		{F8D24864-06AC-2E10-466F-B9CFB15997CD}.Release|Any CPU.Build.0 = Release|Any CPU
	EndGlobalSection
	GlobalSection(SolutionProperties) = preSolution
		HideSolutionNode = FALSE
	EndGlobalSection
EndGlobal
