
Microsoft Visual Studio Solution File, Format Version 12.00
# Visual Studio 15
Project("{FAE04EC0-301F-11D3-BF4B-00C04F79EFBC}") = "Assembly-CSharp", "Assembly-CSharp.csproj", "{EAC6E8DF-6D7E-5EA2-6F9C-58B945032057}"
EndProject
Project("{FAE04EC0-301F-11D3-BF4B-00C04F79EFBC}") = "UniRx.Examples", "UniRx.Examples.csproj", "{2789A3DB-9A1A-BA12-840D-4A4095DA2742}"
EndProject
Project("{FAE04EC0-301F-11D3-BF4B-00C04F79EFBC}") = "UniRx", "UniRx.csproj", "{8E60952F-9637-63D7-2CCC-B476C142B575}"
EndProject
Project("{FAE04EC0-301F-11D3-BF4B-00C04F79EFBC}") = "Assembly-CSharp", "Assembly-CSharp.Player.csproj", "{3079A610-2C04-CAD2-FDBB-7DB656B3B5E6}"
EndProject
Project("{FAE04EC0-301F-11D3-BF4B-00C04F79EFBC}") = "UniRx.Examples", "UniRx.Examples.Player.csproj", "{5D27A1CD-64DE-F23F-D85D-E67A998EA399}"
EndProject
Project("{FAE04EC0-301F-11D3-BF4B-00C04F79EFBC}") = "UniRx", "UniRx.Player.csproj", "{5C3FFA81-C13D-2A57-DFFD-A936B74BF345}"
EndProject
Global
	GlobalSection(SolutionConfigurationPlatforms) = preSolution
		Debug|Any CPU = Debug|Any CPU
		Release|Any CPU = Release|Any CPU
	EndGlobalSection
	GlobalSection(ProjectConfigurationPlatforms) = postSolution
		{EAC6E8DF-6D7E-5EA2-6F9C-58B945032057}.Debug|Any CPU.ActiveCfg = Debug|Any CPU
		{EAC6E8DF-6D7E-5EA2-6F9C-58B945032057}.Debug|Any CPU.Build.0 = Debug|Any CPU
		{EAC6E8DF-6D7E-5EA2-6F9C-58B945032057}.Release|Any CPU.ActiveCfg = Release|Any CPU
		{EAC6E8DF-6D7E-5EA2-6F9C-58B945032057}.Release|Any CPU.Build.0 = Release|Any CPU
		{2789A3DB-9A1A-BA12-840D-4A4095DA2742}.Debug|Any CPU.ActiveCfg = Debug|Any CPU
		{2789A3DB-9A1A-BA12-840D-4A4095DA2742}.Debug|Any CPU.Build.0 = Debug|Any CPU
		{2789A3DB-9A1A-BA12-840D-4A4095DA2742}.Release|Any CPU.ActiveCfg = Release|Any CPU
		{2789A3DB-9A1A-BA12-840D-4A4095DA2742}.Release|Any CPU.Build.0 = Release|Any CPU
		{8E60952F-9637-63D7-2CCC-B476C142B575}.Debug|Any CPU.ActiveCfg = Debug|Any CPU
		{8E60952F-9637-63D7-2CCC-B476C142B575}.Debug|Any CPU.Build.0 = Debug|Any CPU
		{8E60952F-9637-63D7-2CCC-B476C142B575}.Release|Any CPU.ActiveCfg = Release|Any CPU
		{8E60952F-9637-63D7-2CCC-B476C142B575}.Release|Any CPU.Build.0 = Release|Any CPU
		{3079A610-2C04-CAD2-FDBB-7DB656B3B5E6}.Debug|Any CPU.ActiveCfg = Debug|Any CPU
		{3079A610-2C04-CAD2-FDBB-7DB656B3B5E6}.Debug|Any CPU.Build.0 = Debug|Any CPU
		{3079A610-2C04-CAD2-FDBB-7DB656B3B5E6}.Release|Any CPU.ActiveCfg = Release|Any CPU
		{3079A610-2C04-CAD2-FDBB-7DB656B3B5E6}.Release|Any CPU.Build.0 = Release|Any CPU
		{5D27A1CD-64DE-F23F-D85D-E67A998EA399}.Debug|Any CPU.ActiveCfg = Debug|Any CPU
		{5D27A1CD-64DE-F23F-D85D-E67A998EA399}.Debug|Any CPU.Build.0 = Debug|Any CPU
		{5D27A1CD-64DE-F23F-D85D-E67A998EA399}.Release|Any CPU.ActiveCfg = Release|Any CPU
		{5D27A1CD-64DE-F23F-D85D-E67A998EA399}.Release|Any CPU.Build.0 = Release|Any CPU
		{5C3FFA81-C13D-2A57-DFFD-A936B74BF345}.Debug|Any CPU.ActiveCfg = Debug|Any CPU
		{5C3FFA81-C13D-2A57-DFFD-A936B74BF345}.Debug|Any CPU.Build.0 = Debug|Any CPU
		{5C3FFA81-C13D-2A57-DFFD-A936B74BF345}.Release|Any CPU.ActiveCfg = Release|Any CPU
		{5C3FFA81-C13D-2A57-DFFD-A936B74BF345}.Release|Any CPU.Build.0 = Release|Any CPU
	EndGlobalSection
	GlobalSection(SolutionProperties) = preSolution
		HideSolutionNode = FALSE
	EndGlobalSection
EndGlobal
