
Microsoft Visual Studio Solution File, Format Version 12.00
# Visual Studio 15
Project("{FAE04EC0-301F-11D3-BF4B-00C04F79EFBC}") = "Assembly-CSharp", "Assembly-CSharp.csproj", "{6AAA44AD-1EF1-1B7C-AA30-71841C2BCD82}"
EndProject
Project("{FAE04EC0-301F-11D3-BF4B-00C04F79EFBC}") = "UniRx", "UniRx.csproj", "{D6163056-8EE5-B2BA-36CB-3E38D213C9F0}"
EndProject
Global
	GlobalSection(SolutionConfigurationPlatforms) = preSolution
		Debug|Any CPU = Debug|Any CPU
		Release|Any CPU = Release|Any CPU
	EndGlobalSection
	GlobalSection(ProjectConfigurationPlatforms) = postSolution
		{6AAA44AD-1EF1-1B7C-AA30-71841C2BCD82}.Debug|Any CPU.ActiveCfg = Debug|Any CPU
		{6AAA44AD-1EF1-1B7C-AA30-71841C2BCD82}.Debug|Any CPU.Build.0 = Debug|Any CPU
		{6AAA44AD-1EF1-1B7C-AA30-71841C2BCD82}.Release|Any CPU.ActiveCfg = Release|Any CPU
		{6AAA44AD-1EF1-1B7C-AA30-71841C2BCD82}.Release|Any CPU.Build.0 = Release|Any CPU
		{D6163056-8EE5-B2BA-36CB-3E38D213C9F0}.Debug|Any CPU.ActiveCfg = Debug|Any CPU
		{D6163056-8EE5-B2BA-36CB-3E38D213C9F0}.Debug|Any CPU.Build.0 = Debug|Any CPU
		{D6163056-8EE5-B2BA-36CB-3E38D213C9F0}.Release|Any CPU.ActiveCfg = Release|Any CPU
		{D6163056-8EE5-B2BA-36CB-3E38D213C9F0}.Release|Any CPU.Build.0 = Release|Any CPU
	EndGlobalSection
	GlobalSection(SolutionProperties) = preSolution
		HideSolutionNode = FALSE
	EndGlobalSection
EndGlobal
