
Microsoft Visual Studio Solution File, Format Version 12.00
# Visual Studio 15
Project("{FAE04EC0-301F-11D3-BF4B-00C04F79EFBC}") = "Assembly-CSharp", "Assembly-CSharp.csproj", "{6CEE478F-02A8-D407-EFEE-8D90EF2B3F04}"
EndProject
Project("{FAE04EC0-301F-11D3-BF4B-00C04F79EFBC}") = "UniRx", "UniRx.csproj", "{3333A49A-6F0E-9EBA-310F-BDC6EA26BCD0}"
EndProject
Project("{FAE04EC0-301F-11D3-BF4B-00C04F79EFBC}") = "UniRx.Examples", "UniRx.Examples.csproj", "{383EAFC8-86C3-CF01-65A7-B4DF407825EE}"
EndProject
Project("{FAE04EC0-301F-11D3-BF4B-00C04F79EFBC}") = "Assembly-CSharp", "Assembly-CSharp.Player.csproj", "{1A077D77-52A6-F6B8-8702-371FB0E63037}"
EndProject
Project("{FAE04EC0-301F-11D3-BF4B-00C04F79EFBC}") = "UniRx", "UniRx.Player.csproj", "{ABDF4886-E0D9-9335-E6CB-3C749BA620D9}"
EndProject
Project("{FAE04EC0-301F-11D3-BF4B-00C04F79EFBC}") = "UniRx.Examples", "UniRx.Examples.Player.csproj", "{180A6DA6-9134-64A4-2EB3-0FBFA8B53B00}"
EndProject
Global
	GlobalSection(SolutionConfigurationPlatforms) = preSolution
		Debug|Any CPU = Debug|Any CPU
		Release|Any CPU = Release|Any CPU
	EndGlobalSection
	GlobalSection(ProjectConfigurationPlatforms) = postSolution
		{6CEE478F-02A8-D407-EFEE-8D90EF2B3F04}.Debug|Any CPU.ActiveCfg = Debug|Any CPU
		{6CEE478F-02A8-D407-EFEE-8D90EF2B3F04}.Debug|Any CPU.Build.0 = Debug|Any CPU
		{6CEE478F-02A8-D407-EFEE-8D90EF2B3F04}.Release|Any CPU.ActiveCfg = Release|Any CPU
		{6CEE478F-02A8-D407-EFEE-8D90EF2B3F04}.Release|Any CPU.Build.0 = Release|Any CPU
		{3333A49A-6F0E-9EBA-310F-BDC6EA26BCD0}.Debug|Any CPU.ActiveCfg = Debug|Any CPU
		{3333A49A-6F0E-9EBA-310F-BDC6EA26BCD0}.Debug|Any CPU.Build.0 = Debug|Any CPU
		{3333A49A-6F0E-9EBA-310F-BDC6EA26BCD0}.Release|Any CPU.ActiveCfg = Release|Any CPU
		{3333A49A-6F0E-9EBA-310F-BDC6EA26BCD0}.Release|Any CPU.Build.0 = Release|Any CPU
		{383EAFC8-86C3-CF01-65A7-B4DF407825EE}.Debug|Any CPU.ActiveCfg = Debug|Any CPU
		{383EAFC8-86C3-CF01-65A7-B4DF407825EE}.Debug|Any CPU.Build.0 = Debug|Any CPU
		{383EAFC8-86C3-CF01-65A7-B4DF407825EE}.Release|Any CPU.ActiveCfg = Release|Any CPU
		{383EAFC8-86C3-CF01-65A7-B4DF407825EE}.Release|Any CPU.Build.0 = Release|Any CPU
		{1A077D77-52A6-F6B8-8702-371FB0E63037}.Debug|Any CPU.ActiveCfg = Debug|Any CPU
		{1A077D77-52A6-F6B8-8702-371FB0E63037}.Debug|Any CPU.Build.0 = Debug|Any CPU
		{1A077D77-52A6-F6B8-8702-371FB0E63037}.Release|Any CPU.ActiveCfg = Release|Any CPU
		{1A077D77-52A6-F6B8-8702-371FB0E63037}.Release|Any CPU.Build.0 = Release|Any CPU
		{ABDF4886-E0D9-9335-E6CB-3C749BA620D9}.Debug|Any CPU.ActiveCfg = Debug|Any CPU
		{ABDF4886-E0D9-9335-E6CB-3C749BA620D9}.Debug|Any CPU.Build.0 = Debug|Any CPU
		{ABDF4886-E0D9-9335-E6CB-3C749BA620D9}.Release|Any CPU.ActiveCfg = Release|Any CPU
		{ABDF4886-E0D9-9335-E6CB-3C749BA620D9}.Release|Any CPU.Build.0 = Release|Any CPU
		{180A6DA6-9134-64A4-2EB3-0FBFA8B53B00}.Debug|Any CPU.ActiveCfg = Debug|Any CPU
		{180A6DA6-9134-64A4-2EB3-0FBFA8B53B00}.Debug|Any CPU.Build.0 = Debug|Any CPU
		{180A6DA6-9134-64A4-2EB3-0FBFA8B53B00}.Release|Any CPU.ActiveCfg = Release|Any CPU
		{180A6DA6-9134-64A4-2EB3-0FBFA8B53B00}.Release|Any CPU.Build.0 = Release|Any CPU
	EndGlobalSection
	GlobalSection(SolutionProperties) = preSolution
		HideSolutionNode = FALSE
	EndGlobalSection
EndGlobal
