
Microsoft Visual Studio Solution File, Format Version 12.00
# Visual Studio 15
Project("{FAE04EC0-301F-11D3-BF4B-00C04F79EFBC}") = "UniRx", "UniRx.csproj", "{CB220977-2005-4AB3-6B3C-C54AE49DEB80}"
EndProject
Project("{FAE04EC0-301F-11D3-BF4B-00C04F79EFBC}") = "Assembly-CSharp", "Assembly-CSharp.csproj", "{F765D2A9-F996-58F1-476F-87E6D47E2B18}"
EndProject
Project("{FAE04EC0-301F-11D3-BF4B-00C04F79EFBC}") = "UniRx.Examples", "UniRx.Examples.csproj", "{7D0E1601-8D66-6688-4431-488011D3F1F5}"
EndProject
Project("{FAE04EC0-301F-11D3-BF4B-00C04F79EFBC}") = "UniRx", "UniRx.Player.csproj", "{4B3B3C11-67CF-0E1A-5396-0ED19D3E91E8}"
EndProject
Project("{FAE04EC0-301F-11D3-BF4B-00C04F79EFBC}") = "Assembly-CSharp", "Assembly-CSharp.Player.csproj", "{CDB1698D-4B94-D444-D335-0A1C82EEC2E9}"
EndProject
Project("{FAE04EC0-301F-11D3-BF4B-00C04F79EFBC}") = "UniRx.Examples", "UniRx.Examples.Player.csproj", "{D0CA31BE-FB01-5071-2BA9-91BAE4E47EAF}"
EndProject
Global
	GlobalSection(SolutionConfigurationPlatforms) = preSolution
		Debug|Any CPU = Debug|Any CPU
		Release|Any CPU = Release|Any CPU
	EndGlobalSection
	GlobalSection(ProjectConfigurationPlatforms) = postSolution
		{CB220977-2005-4AB3-6B3C-C54AE49DEB80}.Debug|Any CPU.ActiveCfg = Debug|Any CPU
		{CB220977-2005-4AB3-6B3C-C54AE49DEB80}.Debug|Any CPU.Build.0 = Debug|Any CPU
		{CB220977-2005-4AB3-6B3C-C54AE49DEB80}.Release|Any CPU.ActiveCfg = Release|Any CPU
		{CB220977-2005-4AB3-6B3C-C54AE49DEB80}.Release|Any CPU.Build.0 = Release|Any CPU
		{F765D2A9-F996-58F1-476F-87E6D47E2B18}.Debug|Any CPU.ActiveCfg = Debug|Any CPU
		{F765D2A9-F996-58F1-476F-87E6D47E2B18}.Debug|Any CPU.Build.0 = Debug|Any CPU
		{F765D2A9-F996-58F1-476F-87E6D47E2B18}.Release|Any CPU.ActiveCfg = Release|Any CPU
		{F765D2A9-F996-58F1-476F-87E6D47E2B18}.Release|Any CPU.Build.0 = Release|Any CPU
		{7D0E1601-8D66-6688-4431-488011D3F1F5}.Debug|Any CPU.ActiveCfg = Debug|Any CPU
		{7D0E1601-8D66-6688-4431-488011D3F1F5}.Debug|Any CPU.Build.0 = Debug|Any CPU
		{7D0E1601-8D66-6688-4431-488011D3F1F5}.Release|Any CPU.ActiveCfg = Release|Any CPU
		{7D0E1601-8D66-6688-4431-488011D3F1F5}.Release|Any CPU.Build.0 = Release|Any CPU
		{4B3B3C11-67CF-0E1A-5396-0ED19D3E91E8}.Debug|Any CPU.ActiveCfg = Debug|Any CPU
		{4B3B3C11-67CF-0E1A-5396-0ED19D3E91E8}.Debug|Any CPU.Build.0 = Debug|Any CPU
		{4B3B3C11-67CF-0E1A-5396-0ED19D3E91E8}.Release|Any CPU.ActiveCfg = Release|Any CPU
		{4B3B3C11-67CF-0E1A-5396-0ED19D3E91E8}.Release|Any CPU.Build.0 = Release|Any CPU
		{CDB1698D-4B94-D444-D335-0A1C82EEC2E9}.Debug|Any CPU.ActiveCfg = Debug|Any CPU
		{CDB1698D-4B94-D444-D335-0A1C82EEC2E9}.Debug|Any CPU.Build.0 = Debug|Any CPU
		{CDB1698D-4B94-D444-D335-0A1C82EEC2E9}.Release|Any CPU.ActiveCfg = Release|Any CPU
		{CDB1698D-4B94-D444-D335-0A1C82EEC2E9}.Release|Any CPU.Build.0 = Release|Any CPU
		{D0CA31BE-FB01-5071-2BA9-91BAE4E47EAF}.Debug|Any CPU.ActiveCfg = Debug|Any CPU
		{D0CA31BE-FB01-5071-2BA9-91BAE4E47EAF}.Debug|Any CPU.Build.0 = Debug|Any CPU
		{D0CA31BE-FB01-5071-2BA9-91BAE4E47EAF}.Release|Any CPU.ActiveCfg = Release|Any CPU
		{D0CA31BE-FB01-5071-2BA9-91BAE4E47EAF}.Release|Any CPU.Build.0 = Release|Any CPU
	EndGlobalSection
	GlobalSection(SolutionProperties) = preSolution
		HideSolutionNode = FALSE
	EndGlobalSection
EndGlobal
