
Microsoft Visual Studio Solution File, Format Version 12.00
# Visual Studio 15
Project("{FAE04EC0-301F-11D3-BF4B-00C04F79EFBC}") = "UniRx", "UniRx.csproj", "{DC7E54E0-75A8-1F47-5B24-62CDFA7575FA}"
EndProject
Project("{FAE04EC0-301F-11D3-BF4B-00C04F79EFBC}") = "Assembly-CSharp", "Assembly-CSharp.csproj", "{A4EB2430-7DC7-13FB-1067-8387A22DA358}"
EndProject
Project("{FAE04EC0-301F-11D3-BF4B-00C04F79EFBC}") = "UniRx.Examples", "UniRx.Examples.csproj", "{CE1830AB-EF21-598D-F2C2-54D0ABCF780A}"
EndProject
Project("{FAE04EC0-301F-11D3-BF4B-00C04F79EFBC}") = "UniRx", "UniRx.Player.csproj", "{F31502F3-F022-60CD-7A8C-A7B384841E93}"
EndProject
Project("{FAE04EC0-301F-11D3-BF4B-00C04F79EFBC}") = "Assembly-CSharp", "Assembly-CSharp.Player.csproj", "{2F907AEB-D4D9-7103-506E-D34688F99037}"
EndProject
Project("{FAE04EC0-301F-11D3-BF4B-00C04F79EFBC}") = "UniRx.Examples", "UniRx.Examples.Player.csproj", "{61E9C7FC-F42C-527B-7BA6-88275C541681}"
EndProject
Global
	GlobalSection(SolutionConfigurationPlatforms) = preSolution
		Debug|Any CPU = Debug|Any CPU
		Release|Any CPU = Release|Any CPU
	EndGlobalSection
	GlobalSection(ProjectConfigurationPlatforms) = postSolution
		{DC7E54E0-75A8-1F47-5B24-62CDFA7575FA}.Debug|Any CPU.ActiveCfg = Debug|Any CPU
		{DC7E54E0-75A8-1F47-5B24-62CDFA7575FA}.Debug|Any CPU.Build.0 = Debug|Any CPU
		{DC7E54E0-75A8-1F47-5B24-62CDFA7575FA}.Release|Any CPU.ActiveCfg = Release|Any CPU
		{DC7E54E0-75A8-1F47-5B24-62CDFA7575FA}.Release|Any CPU.Build.0 = Release|Any CPU
		{A4EB2430-7DC7-13FB-1067-8387A22DA358}.Debug|Any CPU.ActiveCfg = Debug|Any CPU
		{A4EB2430-7DC7-13FB-1067-8387A22DA358}.Debug|Any CPU.Build.0 = Debug|Any CPU
		{A4EB2430-7DC7-13FB-1067-8387A22DA358}.Release|Any CPU.ActiveCfg = Release|Any CPU
		{A4EB2430-7DC7-13FB-1067-8387A22DA358}.Release|Any CPU.Build.0 = Release|Any CPU
		{CE1830AB-EF21-598D-F2C2-54D0ABCF780A}.Debug|Any CPU.ActiveCfg = Debug|Any CPU
		{CE1830AB-EF21-598D-F2C2-54D0ABCF780A}.Debug|Any CPU.Build.0 = Debug|Any CPU
		{CE1830AB-EF21-598D-F2C2-54D0ABCF780A}.Release|Any CPU.ActiveCfg = Release|Any CPU
		{CE1830AB-EF21-598D-F2C2-54D0ABCF780A}.Release|Any CPU.Build.0 = Release|Any CPU
		{F31502F3-F022-60CD-7A8C-A7B384841E93}.Debug|Any CPU.ActiveCfg = Debug|Any CPU
		{F31502F3-F022-60CD-7A8C-A7B384841E93}.Debug|Any CPU.Build.0 = Debug|Any CPU
		{F31502F3-F022-60CD-7A8C-A7B384841E93}.Release|Any CPU.ActiveCfg = Release|Any CPU
		{F31502F3-F022-60CD-7A8C-A7B384841E93}.Release|Any CPU.Build.0 = Release|Any CPU
		{2F907AEB-D4D9-7103-506E-D34688F99037}.Debug|Any CPU.ActiveCfg = Debug|Any CPU
		{2F907AEB-D4D9-7103-506E-D34688F99037}.Debug|Any CPU.Build.0 = Debug|Any CPU
		{2F907AEB-D4D9-7103-506E-D34688F99037}.Release|Any CPU.ActiveCfg = Release|Any CPU
		{2F907AEB-D4D9-7103-506E-D34688F99037}.Release|Any CPU.Build.0 = Release|Any CPU
		{61E9C7FC-F42C-527B-7BA6-88275C541681}.Debug|Any CPU.ActiveCfg = Debug|Any CPU
		{61E9C7FC-F42C-527B-7BA6-88275C541681}.Debug|Any CPU.Build.0 = Debug|Any CPU
		{61E9C7FC-F42C-527B-7BA6-88275C541681}.Release|Any CPU.ActiveCfg = Release|Any CPU
		{61E9C7FC-F42C-527B-7BA6-88275C541681}.Release|Any CPU.Build.0 = Release|Any CPU
	EndGlobalSection
	GlobalSection(SolutionProperties) = preSolution
		HideSolutionNode = FALSE
	EndGlobalSection
EndGlobal
