
Microsoft Visual Studio Solution File, Format Version 12.00
# Visual Studio 15
<<<<<<< HEAD
<<<<<<< HEAD
=======
Project("{FAE04EC0-301F-11D3-BF4B-00C04F79EFBC}") = "UniRx", "UniRx.csproj", "{B6B25BAC-AB4D-CDB4-4184-55F11B7B9E3F}"
EndProject
>>>>>>> programmer/title_scene
Project("{FAE04EC0-301F-11D3-BF4B-00C04F79EFBC}") = "Assembly-CSharp", "Assembly-CSharp.csproj", "{ADF59A9D-CDEB-9517-8536-EAEA3E3E2675}"
EndProject
Project("{FAE04EC0-301F-11D3-BF4B-00C04F79EFBC}") = "UniRx.Examples", "UniRx.Examples.csproj", "{CA039B86-5E2D-C737-C988-F3F406253773}"
EndProject
Project("{FAE04EC0-301F-11D3-BF4B-00C04F79EFBC}") = "Assembly-CSharp-firstpass", "Assembly-CSharp-firstpass.csproj", "{FC88DD9F-7176-EFE9-AD35-A4E9B2F72A1C}"
EndProject
<<<<<<< HEAD
=======

>>>>>>> programmer/gimmick_scene
=======
Project("{FAE04EC0-301F-11D3-BF4B-00C04F79EFBC}") = "UniRx", "UniRx.Player.csproj", "{0EA8BAE8-F7AF-4BE4-C6A7-AC112AF13A87}"
EndProject
Project("{FAE04EC0-301F-11D3-BF4B-00C04F79EFBC}") = "Assembly-CSharp", "Assembly-CSharp.Player.csproj", "{759F0A96-9D87-B117-053E-380C536620E1}"
EndProject
Project("{FAE04EC0-301F-11D3-BF4B-00C04F79EFBC}") = "UniRx.Examples", "UniRx.Examples.Player.csproj", "{A610999A-55B3-320B-A4C1-0BB56A0486C9}"
EndProject
Project("{FAE04EC0-301F-11D3-BF4B-00C04F79EFBC}") = "Assembly-CSharp-firstpass", "Assembly-CSharp-firstpass.Player.csproj", "{5F0B349C-4600-5449-9867-0444EC237BD0}"
EndProject
>>>>>>> programmer/title_scene
Global
	GlobalSection(SolutionConfigurationPlatforms) = preSolution
		Debug|Any CPU = Debug|Any CPU
		Release|Any CPU = Release|Any CPU
	EndGlobalSection
	GlobalSection(ProjectConfigurationPlatforms) = postSolution
<<<<<<< HEAD
<<<<<<< HEAD
=======
		{B6B25BAC-AB4D-CDB4-4184-55F11B7B9E3F}.Debug|Any CPU.ActiveCfg = Debug|Any CPU
		{B6B25BAC-AB4D-CDB4-4184-55F11B7B9E3F}.Debug|Any CPU.Build.0 = Debug|Any CPU
		{B6B25BAC-AB4D-CDB4-4184-55F11B7B9E3F}.Release|Any CPU.ActiveCfg = Release|Any CPU
		{B6B25BAC-AB4D-CDB4-4184-55F11B7B9E3F}.Release|Any CPU.Build.0 = Release|Any CPU
>>>>>>> programmer/title_scene
		{ADF59A9D-CDEB-9517-8536-EAEA3E3E2675}.Debug|Any CPU.ActiveCfg = Debug|Any CPU
		{ADF59A9D-CDEB-9517-8536-EAEA3E3E2675}.Debug|Any CPU.Build.0 = Debug|Any CPU
		{ADF59A9D-CDEB-9517-8536-EAEA3E3E2675}.Release|Any CPU.ActiveCfg = Release|Any CPU
		{ADF59A9D-CDEB-9517-8536-EAEA3E3E2675}.Release|Any CPU.Build.0 = Release|Any CPU
		{CA039B86-5E2D-C737-C988-F3F406253773}.Debug|Any CPU.ActiveCfg = Debug|Any CPU
		{CA039B86-5E2D-C737-C988-F3F406253773}.Debug|Any CPU.Build.0 = Debug|Any CPU
		{CA039B86-5E2D-C737-C988-F3F406253773}.Release|Any CPU.ActiveCfg = Release|Any CPU
		{CA039B86-5E2D-C737-C988-F3F406253773}.Release|Any CPU.Build.0 = Release|Any CPU
		{FC88DD9F-7176-EFE9-AD35-A4E9B2F72A1C}.Debug|Any CPU.ActiveCfg = Debug|Any CPU
		{FC88DD9F-7176-EFE9-AD35-A4E9B2F72A1C}.Debug|Any CPU.Build.0 = Debug|Any CPU
		{FC88DD9F-7176-EFE9-AD35-A4E9B2F72A1C}.Release|Any CPU.ActiveCfg = Release|Any CPU
		{FC88DD9F-7176-EFE9-AD35-A4E9B2F72A1C}.Release|Any CPU.Build.0 = Release|Any CPU
<<<<<<< HEAD
=======

>>>>>>> programmer/gimmick_scene
=======
		{0EA8BAE8-F7AF-4BE4-C6A7-AC112AF13A87}.Debug|Any CPU.ActiveCfg = Debug|Any CPU
		{0EA8BAE8-F7AF-4BE4-C6A7-AC112AF13A87}.Debug|Any CPU.Build.0 = Debug|Any CPU
		{0EA8BAE8-F7AF-4BE4-C6A7-AC112AF13A87}.Release|Any CPU.ActiveCfg = Release|Any CPU
		{0EA8BAE8-F7AF-4BE4-C6A7-AC112AF13A87}.Release|Any CPU.Build.0 = Release|Any CPU
		{759F0A96-9D87-B117-053E-380C536620E1}.Debug|Any CPU.ActiveCfg = Debug|Any CPU
		{759F0A96-9D87-B117-053E-380C536620E1}.Debug|Any CPU.Build.0 = Debug|Any CPU
		{759F0A96-9D87-B117-053E-380C536620E1}.Release|Any CPU.ActiveCfg = Release|Any CPU
		{759F0A96-9D87-B117-053E-380C536620E1}.Release|Any CPU.Build.0 = Release|Any CPU
		{A610999A-55B3-320B-A4C1-0BB56A0486C9}.Debug|Any CPU.ActiveCfg = Debug|Any CPU
		{A610999A-55B3-320B-A4C1-0BB56A0486C9}.Debug|Any CPU.Build.0 = Debug|Any CPU
		{A610999A-55B3-320B-A4C1-0BB56A0486C9}.Release|Any CPU.ActiveCfg = Release|Any CPU
		{A610999A-55B3-320B-A4C1-0BB56A0486C9}.Release|Any CPU.Build.0 = Release|Any CPU
		{5F0B349C-4600-5449-9867-0444EC237BD0}.Debug|Any CPU.ActiveCfg = Debug|Any CPU
		{5F0B349C-4600-5449-9867-0444EC237BD0}.Debug|Any CPU.Build.0 = Debug|Any CPU
		{5F0B349C-4600-5449-9867-0444EC237BD0}.Release|Any CPU.ActiveCfg = Release|Any CPU
		{5F0B349C-4600-5449-9867-0444EC237BD0}.Release|Any CPU.Build.0 = Release|Any CPU
>>>>>>> programmer/title_scene
	EndGlobalSection
	GlobalSection(SolutionProperties) = preSolution
		HideSolutionNode = FALSE
	EndGlobalSection
EndGlobal
