
Microsoft Visual Studio Solution File, Format Version 12.00
# Visual Studio 15
<<<<<<< HEAD
Project("{FAE04EC0-301F-11D3-BF4B-00C04F79EFBC}") = "Assembly-CSharp", "Assembly-CSharp.csproj", "{ADF59A9D-CDEB-9517-8536-EAEA3E3E2675}"
EndProject
Project("{FAE04EC0-301F-11D3-BF4B-00C04F79EFBC}") = "Assembly-CSharp-firstpass", "Assembly-CSharp-firstpass.csproj", "{FC88DD9F-7176-EFE9-AD35-A4E9B2F72A1C}"
EndProject
=======

>>>>>>> programmer/gimmick_scene
Global
	GlobalSection(SolutionConfigurationPlatforms) = preSolution
		Debug|Any CPU = Debug|Any CPU
		Release|Any CPU = Release|Any CPU
	EndGlobalSection
	GlobalSection(ProjectConfigurationPlatforms) = postSolution
<<<<<<< HEAD
		{ADF59A9D-CDEB-9517-8536-EAEA3E3E2675}.Debug|Any CPU.ActiveCfg = Debug|Any CPU
		{ADF59A9D-CDEB-9517-8536-EAEA3E3E2675}.Debug|Any CPU.Build.0 = Debug|Any CPU
		{ADF59A9D-CDEB-9517-8536-EAEA3E3E2675}.Release|Any CPU.ActiveCfg = Release|Any CPU
		{ADF59A9D-CDEB-9517-8536-EAEA3E3E2675}.Release|Any CPU.Build.0 = Release|Any CPU
		{FC88DD9F-7176-EFE9-AD35-A4E9B2F72A1C}.Debug|Any CPU.ActiveCfg = Debug|Any CPU
		{FC88DD9F-7176-EFE9-AD35-A4E9B2F72A1C}.Debug|Any CPU.Build.0 = Debug|Any CPU
		{FC88DD9F-7176-EFE9-AD35-A4E9B2F72A1C}.Release|Any CPU.ActiveCfg = Release|Any CPU
		{FC88DD9F-7176-EFE9-AD35-A4E9B2F72A1C}.Release|Any CPU.Build.0 = Release|Any CPU
=======

>>>>>>> programmer/gimmick_scene
	EndGlobalSection
	GlobalSection(SolutionProperties) = preSolution
		HideSolutionNode = FALSE
	EndGlobalSection
EndGlobal
