
Microsoft Visual Studio Solution File, Format Version 12.00
# Visual Studio 15
Project("{FAE04EC0-301F-11D3-BF4B-00C04F79EFBC}") = "UniRx", "UniRx.csproj", "{376B6CCD-3B44-BB20-D921-8920438CF5EF}"
EndProject
Project("{FAE04EC0-301F-11D3-BF4B-00C04F79EFBC}") = "Assembly-CSharp", "Assembly-CSharp.csproj", "{FEB5FE8F-9757-DC40-8A8A-5E9EFBDC23EF}"
EndProject
Project("{FAE04EC0-301F-11D3-BF4B-00C04F79EFBC}") = "UniRx.Examples", "UniRx.Examples.csproj", "{299A7B5D-A4AA-EDE9-69C6-E0F9F67F178E}"
EndProject
Project("{FAE04EC0-301F-11D3-BF4B-00C04F79EFBC}") = "UniRx", "UniRx.Player.csproj", "{8352B3F2-C7DC-C666-C3B3-374000AE3874}"
EndProject
Project("{FAE04EC0-301F-11D3-BF4B-00C04F79EFBC}") = "Assembly-CSharp", "Assembly-CSharp.Player.csproj", "{758B8A10-11F2-F30D-4DC5-4C6799987B19}"
EndProject
Project("{FAE04EC0-301F-11D3-BF4B-00C04F79EFBC}") = "UniRx.Examples", "UniRx.Examples.Player.csproj", "{13272D7B-D387-05B9-31EE-60DD362FD569}"
EndProject
Global
	GlobalSection(SolutionConfigurationPlatforms) = preSolution
		Debug|Any CPU = Debug|Any CPU
		Release|Any CPU = Release|Any CPU
	EndGlobalSection
	GlobalSection(ProjectConfigurationPlatforms) = postSolution
		{376B6CCD-3B44-BB20-D921-8920438CF5EF}.Debug|Any CPU.ActiveCfg = Debug|Any CPU
		{376B6CCD-3B44-BB20-D921-8920438CF5EF}.Debug|Any CPU.Build.0 = Debug|Any CPU
		{376B6CCD-3B44-BB20-D921-8920438CF5EF}.Release|Any CPU.ActiveCfg = Release|Any CPU
		{376B6CCD-3B44-BB20-D921-8920438CF5EF}.Release|Any CPU.Build.0 = Release|Any CPU
		{FEB5FE8F-9757-DC40-8A8A-5E9EFBDC23EF}.Debug|Any CPU.ActiveCfg = Debug|Any CPU
		{FEB5FE8F-9757-DC40-8A8A-5E9EFBDC23EF}.Debug|Any CPU.Build.0 = Debug|Any CPU
		{FEB5FE8F-9757-DC40-8A8A-5E9EFBDC23EF}.Release|Any CPU.ActiveCfg = Release|Any CPU
		{FEB5FE8F-9757-DC40-8A8A-5E9EFBDC23EF}.Release|Any CPU.Build.0 = Release|Any CPU
		{299A7B5D-A4AA-EDE9-69C6-E0F9F67F178E}.Debug|Any CPU.ActiveCfg = Debug|Any CPU
		{299A7B5D-A4AA-EDE9-69C6-E0F9F67F178E}.Debug|Any CPU.Build.0 = Debug|Any CPU
		{299A7B5D-A4AA-EDE9-69C6-E0F9F67F178E}.Release|Any CPU.ActiveCfg = Release|Any CPU
		{299A7B5D-A4AA-EDE9-69C6-E0F9F67F178E}.Release|Any CPU.Build.0 = Release|Any CPU
		{8352B3F2-C7DC-C666-C3B3-374000AE3874}.Debug|Any CPU.ActiveCfg = Debug|Any CPU
		{8352B3F2-C7DC-C666-C3B3-374000AE3874}.Debug|Any CPU.Build.0 = Debug|Any CPU
		{8352B3F2-C7DC-C666-C3B3-374000AE3874}.Release|Any CPU.ActiveCfg = Release|Any CPU
		{8352B3F2-C7DC-C666-C3B3-374000AE3874}.Release|Any CPU.Build.0 = Release|Any CPU
		{758B8A10-11F2-F30D-4DC5-4C6799987B19}.Debug|Any CPU.ActiveCfg = Debug|Any CPU
		{758B8A10-11F2-F30D-4DC5-4C6799987B19}.Debug|Any CPU.Build.0 = Debug|Any CPU
		{758B8A10-11F2-F30D-4DC5-4C6799987B19}.Release|Any CPU.ActiveCfg = Release|Any CPU
		{758B8A10-11F2-F30D-4DC5-4C6799987B19}.Release|Any CPU.Build.0 = Release|Any CPU
		{13272D7B-D387-05B9-31EE-60DD362FD569}.Debug|Any CPU.ActiveCfg = Debug|Any CPU
		{13272D7B-D387-05B9-31EE-60DD362FD569}.Debug|Any CPU.Build.0 = Debug|Any CPU
		{13272D7B-D387-05B9-31EE-60DD362FD569}.Release|Any CPU.ActiveCfg = Release|Any CPU
		{13272D7B-D387-05B9-31EE-60DD362FD569}.Release|Any CPU.Build.0 = Release|Any CPU
	EndGlobalSection
	GlobalSection(SolutionProperties) = preSolution
		HideSolutionNode = FALSE
	EndGlobalSection
EndGlobal
