
Microsoft Visual Studio Solution File, Format Version 12.00
# Visual Studio 15
Project("{FAE04EC0-301F-11D3-BF4B-00C04F79EFBC}") = "UniRx", "UniRx.csproj", "{5DEF9DEF-297C-FEE7-37A5-238BEAD464DF}"
EndProject
Project("{FAE04EC0-301F-11D3-BF4B-00C04F79EFBC}") = "Assembly-CSharp", "Assembly-CSharp.csproj", "{4A34C1DD-001E-642F-F945-79B1C17C2462}"
EndProject
Project("{FAE04EC0-301F-11D3-BF4B-00C04F79EFBC}") = "UniRx.Examples", "UniRx.Examples.csproj", "{0A5F6E12-4A55-7A6E-0D15-F97989AF70A9}"
EndProject
Project("{FAE04EC0-301F-11D3-BF4B-00C04F79EFBC}") = "UniRx", "UniRx.Player.csproj", "{92B72944-99F2-E043-C88D-3FEEE83AD997}"
EndProject
Project("{FAE04EC0-301F-11D3-BF4B-00C04F79EFBC}") = "Assembly-CSharp", "Assembly-CSharp.Player.csproj", "{D4F159AE-BC8F-363B-AF54-F2A0E549B3EB}"
EndProject
Project("{FAE04EC0-301F-11D3-BF4B-00C04F79EFBC}") = "UniRx.Examples", "UniRx.Examples.Player.csproj", "{EA34A681-DDBA-AE16-968E-68D4BAC8EEA2}"
EndProject
Global
	GlobalSection(SolutionConfigurationPlatforms) = preSolution
		Debug|Any CPU = Debug|Any CPU
		Release|Any CPU = Release|Any CPU
	EndGlobalSection
	GlobalSection(ProjectConfigurationPlatforms) = postSolution
		{5DEF9DEF-297C-FEE7-37A5-238BEAD464DF}.Debug|Any CPU.ActiveCfg = Debug|Any CPU
		{5DEF9DEF-297C-FEE7-37A5-238BEAD464DF}.Debug|Any CPU.Build.0 = Debug|Any CPU
		{5DEF9DEF-297C-FEE7-37A5-238BEAD464DF}.Release|Any CPU.ActiveCfg = Release|Any CPU
		{5DEF9DEF-297C-FEE7-37A5-238BEAD464DF}.Release|Any CPU.Build.0 = Release|Any CPU
		{4A34C1DD-001E-642F-F945-79B1C17C2462}.Debug|Any CPU.ActiveCfg = Debug|Any CPU
		{4A34C1DD-001E-642F-F945-79B1C17C2462}.Debug|Any CPU.Build.0 = Debug|Any CPU
		{4A34C1DD-001E-642F-F945-79B1C17C2462}.Release|Any CPU.ActiveCfg = Release|Any CPU
		{4A34C1DD-001E-642F-F945-79B1C17C2462}.Release|Any CPU.Build.0 = Release|Any CPU
		{0A5F6E12-4A55-7A6E-0D15-F97989AF70A9}.Debug|Any CPU.ActiveCfg = Debug|Any CPU
		{0A5F6E12-4A55-7A6E-0D15-F97989AF70A9}.Debug|Any CPU.Build.0 = Debug|Any CPU
		{0A5F6E12-4A55-7A6E-0D15-F97989AF70A9}.Release|Any CPU.ActiveCfg = Release|Any CPU
		{0A5F6E12-4A55-7A6E-0D15-F97989AF70A9}.Release|Any CPU.Build.0 = Release|Any CPU
		{92B72944-99F2-E043-C88D-3FEEE83AD997}.Debug|Any CPU.ActiveCfg = Debug|Any CPU
		{92B72944-99F2-E043-C88D-3FEEE83AD997}.Debug|Any CPU.Build.0 = Debug|Any CPU
		{92B72944-99F2-E043-C88D-3FEEE83AD997}.Release|Any CPU.ActiveCfg = Release|Any CPU
		{92B72944-99F2-E043-C88D-3FEEE83AD997}.Release|Any CPU.Build.0 = Release|Any CPU
		{D4F159AE-BC8F-363B-AF54-F2A0E549B3EB}.Debug|Any CPU.ActiveCfg = Debug|Any CPU
		{D4F159AE-BC8F-363B-AF54-F2A0E549B3EB}.Debug|Any CPU.Build.0 = Debug|Any CPU
		{D4F159AE-BC8F-363B-AF54-F2A0E549B3EB}.Release|Any CPU.ActiveCfg = Release|Any CPU
		{D4F159AE-BC8F-363B-AF54-F2A0E549B3EB}.Release|Any CPU.Build.0 = Release|Any CPU
		{EA34A681-DDBA-AE16-968E-68D4BAC8EEA2}.Debug|Any CPU.ActiveCfg = Debug|Any CPU
		{EA34A681-DDBA-AE16-968E-68D4BAC8EEA2}.Debug|Any CPU.Build.0 = Debug|Any CPU
		{EA34A681-DDBA-AE16-968E-68D4BAC8EEA2}.Release|Any CPU.ActiveCfg = Release|Any CPU
		{EA34A681-DDBA-AE16-968E-68D4BAC8EEA2}.Release|Any CPU.Build.0 = Release|Any CPU
	EndGlobalSection
	GlobalSection(SolutionProperties) = preSolution
		HideSolutionNode = FALSE
	EndGlobalSection
EndGlobal
