
Microsoft Visual Studio Solution File, Format Version 12.00
# Visual Studio 15
Project("{FAE04EC0-301F-11D3-BF4B-00C04F79EFBC}") = "UniRx", "UniRx.csproj", "{58B7DDE7-EF38-FF94-FDD4-6736E8BDE0FA}"
EndProject
Project("{FAE04EC0-301F-11D3-BF4B-00C04F79EFBC}") = "Assembly-CSharp", "Assembly-CSharp.csproj", "{651CDBE9-F0A7-09D3-D394-B0CAA5F5C914}"
EndProject
Project("{FAE04EC0-301F-11D3-BF4B-00C04F79EFBC}") = "UniRx.Examples", "UniRx.Examples.csproj", "{EF340D16-7986-7CDE-CFBD-1407901F2918}"
EndProject
Project("{FAE04EC0-301F-11D3-BF4B-00C04F79EFBC}") = "UniRx", "UniRx.Player.csproj", "{60E2D6BF-B983-AE24-7B2E-EDD362030ECD}"
EndProject
Project("{FAE04EC0-301F-11D3-BF4B-00C04F79EFBC}") = "Assembly-CSharp", "Assembly-CSharp.Player.csproj", "{2FE62983-11A3-F7E1-1681-BB12CF2A5B5D}"
EndProject
Project("{FAE04EC0-301F-11D3-BF4B-00C04F79EFBC}") = "UniRx.Examples", "UniRx.Examples.Player.csproj", "{182DC82D-56C2-C3DD-D6F8-E32EB1B4D9AA}"
EndProject
Global
	GlobalSection(SolutionConfigurationPlatforms) = preSolution
		Debug|Any CPU = Debug|Any CPU
		Release|Any CPU = Release|Any CPU
	EndGlobalSection
	GlobalSection(ProjectConfigurationPlatforms) = postSolution
		{58B7DDE7-EF38-FF94-FDD4-6736E8BDE0FA}.Debug|Any CPU.ActiveCfg = Debug|Any CPU
		{58B7DDE7-EF38-FF94-FDD4-6736E8BDE0FA}.Debug|Any CPU.Build.0 = Debug|Any CPU
		{58B7DDE7-EF38-FF94-FDD4-6736E8BDE0FA}.Release|Any CPU.ActiveCfg = Release|Any CPU
		{58B7DDE7-EF38-FF94-FDD4-6736E8BDE0FA}.Release|Any CPU.Build.0 = Release|Any CPU
		{651CDBE9-F0A7-09D3-D394-B0CAA5F5C914}.Debug|Any CPU.ActiveCfg = Debug|Any CPU
		{651CDBE9-F0A7-09D3-D394-B0CAA5F5C914}.Debug|Any CPU.Build.0 = Debug|Any CPU
		{651CDBE9-F0A7-09D3-D394-B0CAA5F5C914}.Release|Any CPU.ActiveCfg = Release|Any CPU
		{651CDBE9-F0A7-09D3-D394-B0CAA5F5C914}.Release|Any CPU.Build.0 = Release|Any CPU
		{EF340D16-7986-7CDE-CFBD-1407901F2918}.Debug|Any CPU.ActiveCfg = Debug|Any CPU
		{EF340D16-7986-7CDE-CFBD-1407901F2918}.Debug|Any CPU.Build.0 = Debug|Any CPU
		{EF340D16-7986-7CDE-CFBD-1407901F2918}.Release|Any CPU.ActiveCfg = Release|Any CPU
		{EF340D16-7986-7CDE-CFBD-1407901F2918}.Release|Any CPU.Build.0 = Release|Any CPU
		{60E2D6BF-B983-AE24-7B2E-EDD362030ECD}.Debug|Any CPU.ActiveCfg = Debug|Any CPU
		{60E2D6BF-B983-AE24-7B2E-EDD362030ECD}.Debug|Any CPU.Build.0 = Debug|Any CPU
		{60E2D6BF-B983-AE24-7B2E-EDD362030ECD}.Release|Any CPU.ActiveCfg = Release|Any CPU
		{60E2D6BF-B983-AE24-7B2E-EDD362030ECD}.Release|Any CPU.Build.0 = Release|Any CPU
		{2FE62983-11A3-F7E1-1681-BB12CF2A5B5D}.Debug|Any CPU.ActiveCfg = Debug|Any CPU
		{2FE62983-11A3-F7E1-1681-BB12CF2A5B5D}.Debug|Any CPU.Build.0 = Debug|Any CPU
		{2FE62983-11A3-F7E1-1681-BB12CF2A5B5D}.Release|Any CPU.ActiveCfg = Release|Any CPU
		{2FE62983-11A3-F7E1-1681-BB12CF2A5B5D}.Release|Any CPU.Build.0 = Release|Any CPU
		{182DC82D-56C2-C3DD-D6F8-E32EB1B4D9AA}.Debug|Any CPU.ActiveCfg = Debug|Any CPU
		{182DC82D-56C2-C3DD-D6F8-E32EB1B4D9AA}.Debug|Any CPU.Build.0 = Debug|Any CPU
		{182DC82D-56C2-C3DD-D6F8-E32EB1B4D9AA}.Release|Any CPU.ActiveCfg = Release|Any CPU
		{182DC82D-56C2-C3DD-D6F8-E32EB1B4D9AA}.Release|Any CPU.Build.0 = Release|Any CPU
	EndGlobalSection
	GlobalSection(SolutionProperties) = preSolution
		HideSolutionNode = FALSE
	EndGlobalSection
EndGlobal
