
Microsoft Visual Studio Solution File, Format Version 12.00
# Visual Studio 15
Project("{FAE04EC0-301F-11D3-BF4B-00C04F79EFBC}") = "Assembly-CSharp", "Assembly-CSharp.csproj", "{EE075DD3-6D0F-06D8-6FB4-98FB15E38CB2}"
EndProject
Project("{FAE04EC0-301F-11D3-BF4B-00C04F79EFBC}") = "Assembly-CSharp-firstpass", "Assembly-CSharp-firstpass.csproj", "{E97485C1-43EC-1734-D14C-CE471295ED3F}"
EndProject
Project("{FAE04EC0-301F-11D3-BF4B-00C04F79EFBC}") = "UniRx", "UniRx.csproj", "{EC9248D4-BA67-DD7B-21B9-160239650D6D}"
EndProject
Global
	GlobalSection(SolutionConfigurationPlatforms) = preSolution
		Debug|Any CPU = Debug|Any CPU
		Release|Any CPU = Release|Any CPU
	EndGlobalSection
	GlobalSection(ProjectConfigurationPlatforms) = postSolution
		{EE075DD3-6D0F-06D8-6FB4-98FB15E38CB2}.Debug|Any CPU.ActiveCfg = Debug|Any CPU
		{EE075DD3-6D0F-06D8-6FB4-98FB15E38CB2}.Debug|Any CPU.Build.0 = Debug|Any CPU
		{EE075DD3-6D0F-06D8-6FB4-98FB15E38CB2}.Release|Any CPU.ActiveCfg = Release|Any CPU
		{EE075DD3-6D0F-06D8-6FB4-98FB15E38CB2}.Release|Any CPU.Build.0 = Release|Any CPU
		{E97485C1-43EC-1734-D14C-CE471295ED3F}.Debug|Any CPU.ActiveCfg = Debug|Any CPU
		{E97485C1-43EC-1734-D14C-CE471295ED3F}.Debug|Any CPU.Build.0 = Debug|Any CPU
		{E97485C1-43EC-1734-D14C-CE471295ED3F}.Release|Any CPU.ActiveCfg = Release|Any CPU
		{E97485C1-43EC-1734-D14C-CE471295ED3F}.Release|Any CPU.Build.0 = Release|Any CPU
		{EC9248D4-BA67-DD7B-21B9-160239650D6D}.Debug|Any CPU.ActiveCfg = Debug|Any CPU
		{EC9248D4-BA67-DD7B-21B9-160239650D6D}.Debug|Any CPU.Build.0 = Debug|Any CPU
		{EC9248D4-BA67-DD7B-21B9-160239650D6D}.Release|Any CPU.ActiveCfg = Release|Any CPU
		{EC9248D4-BA67-DD7B-21B9-160239650D6D}.Release|Any CPU.Build.0 = Release|Any CPU
	EndGlobalSection
	GlobalSection(SolutionProperties) = preSolution
		HideSolutionNode = FALSE
	EndGlobalSection
EndGlobal
